
Microsoft Visual Studio Solution File, Format Version 12.00
# Visual Studio Version 16
VisualStudioVersion = 16.0.30330.147
MinimumVisualStudioVersion = 10.0.40219.1
Project("{8BC9CEB8-8B4A-11D0-8D11-00A0C91BC942}") = "视觉定位", "视觉定位\视觉定位.vcxproj", "{4E2A3C7D-2DCE-408A-89B3-38718D37AA66}"
EndProject
Global
	GlobalSection(SolutionConfigurationPlatforms) = preSolution
		Debug|x64 = Debug|x64
		Debug|x86 = Debug|x86
		Release|x64 = Release|x64
		Release|x86 = Release|x86
	EndGlobalSection
	GlobalSection(ProjectConfigurationPlatforms) = postSolution
		{4E2A3C7D-2DCE-408A-89B3-38718D37AA66}.Debug|x64.ActiveCfg = Debug|x64
		{4E2A3C7D-2DCE-408A-89B3-38718D37AA66}.Debug|x64.Build.0 = Debug|x64
		{4E2A3C7D-2DCE-408A-89B3-38718D37AA66}.Debug|x86.ActiveCfg = Debug|Win32
		{4E2A3C7D-2DCE-408A-89B3-38718D37AA66}.Debug|x86.Build.0 = Debug|Win32
		{4E2A3C7D-2DCE-408A-89B3-38718D37AA66}.Release|x64.ActiveCfg = Release|x64
		{4E2A3C7D-2DCE-408A-89B3-38718D37AA66}.Release|x64.Build.0 = Release|x64
		{4E2A3C7D-2DCE-408A-89B3-38718D37AA66}.Release|x86.ActiveCfg = Release|Win32
		{4E2A3C7D-2DCE-408A-89B3-38718D37AA66}.Release|x86.Build.0 = Release|Win32
	EndGlobalSection
	GlobalSection(SolutionProperties) = preSolution
		HideSolutionNode = FALSE
	EndGlobalSection
	GlobalSection(ExtensibilityGlobals) = postSolution
		SolutionGuid = {D316AE39-E112-46F6-B8A1-B1003ACD4F36}
	EndGlobalSection
EndGlobal
